
Microsoft Visual Studio Solution File, Format Version 12.00
# Visual Studio Version 17
VisualStudioVersion = 17.4.33110.190
MinimumVisualStudioVersion = 10.0.40219.1
Project("{FAE04EC0-301F-11D3-BF4B-00C04F79EFBC}") = "Yaktemur_Levent_bkrFundbuero_2023", "Yaktemur_Levent_bkrFundbuero_2023\Yaktemur_Levent_bkrFundbuero_2023.csproj", "{9878CC8F-A5AA-49BB-A272-98BF9896D02B}"
EndProject
Global
	GlobalSection(SolutionConfigurationPlatforms) = preSolution
		Debug|Any CPU = Debug|Any CPU
		Release|Any CPU = Release|Any CPU
	EndGlobalSection
	GlobalSection(ProjectConfigurationPlatforms) = postSolution
		{9878CC8F-A5AA-49BB-A272-98BF9896D02B}.Debug|Any CPU.ActiveCfg = Debug|Any CPU
		{9878CC8F-A5AA-49BB-A272-98BF9896D02B}.Debug|Any CPU.Build.0 = Debug|Any CPU
		{9878CC8F-A5AA-49BB-A272-98BF9896D02B}.Release|Any CPU.ActiveCfg = Release|Any CPU
		{9878CC8F-A5AA-49BB-A272-98BF9896D02B}.Release|Any CPU.Build.0 = Release|Any CPU
	EndGlobalSection
	GlobalSection(SolutionProperties) = preSolution
		HideSolutionNode = FALSE
	EndGlobalSection
	GlobalSection(ExtensibilityGlobals) = postSolution
		SolutionGuid = {1DBF238B-5C6B-4FFF-B756-8E7BCF26233C}
	EndGlobalSection
EndGlobal
